
Microsoft Visual Studio Solution File, Format Version 12.00
# Visual Studio Version 17
VisualStudioVersion = 17.11.35312.102
MinimumVisualStudioVersion = 10.0.40219.1
Project("{FAE04EC0-301F-11D3-BF4B-00C04F79EFBC}") = "CalculadoraEjemplo3", "CalculadoraEjemplo3\CalculadoraEjemplo3.csproj", "{66FEA7DA-B70B-48E6-98D0-B0FDF1020E55}"
EndProject
Project("{FAE04EC0-301F-11D3-BF4B-00C04F79EFBC}") = "PruebaCalculadora", "PruebaCalculadora\PruebaCalculadora.csproj", "{31483881-6DEA-455D-AA0D-2B491CA89BD0}"
EndProject
Global
	GlobalSection(SolutionConfigurationPlatforms) = preSolution
		Debug|Any CPU = Debug|Any CPU
		Release|Any CPU = Release|Any CPU
	EndGlobalSection
	GlobalSection(ProjectConfigurationPlatforms) = postSolution
		{66FEA7DA-B70B-48E6-98D0-B0FDF1020E55}.Debug|Any CPU.ActiveCfg = Debug|Any CPU
		{66FEA7DA-B70B-48E6-98D0-B0FDF1020E55}.Debug|Any CPU.Build.0 = Debug|Any CPU
		{66FEA7DA-B70B-48E6-98D0-B0FDF1020E55}.Release|Any CPU.ActiveCfg = Release|Any CPU
		{66FEA7DA-B70B-48E6-98D0-B0FDF1020E55}.Release|Any CPU.Build.0 = Release|Any CPU
		{31483881-6DEA-455D-AA0D-2B491CA89BD0}.Debug|Any CPU.ActiveCfg = Debug|Any CPU
		{31483881-6DEA-455D-AA0D-2B491CA89BD0}.Debug|Any CPU.Build.0 = Debug|Any CPU
		{31483881-6DEA-455D-AA0D-2B491CA89BD0}.Release|Any CPU.ActiveCfg = Release|Any CPU
		{31483881-6DEA-455D-AA0D-2B491CA89BD0}.Release|Any CPU.Build.0 = Release|Any CPU
	EndGlobalSection
	GlobalSection(SolutionProperties) = preSolution
		HideSolutionNode = FALSE
	EndGlobalSection
	GlobalSection(ExtensibilityGlobals) = postSolution
		SolutionGuid = {7BC50725-7485-4BB5-A567-F0D4F32B9CA0}
	EndGlobalSection
EndGlobal
