
Microsoft Visual Studio Solution File, Format Version 12.00
# Visual Studio Version 16
VisualStudioVersion = 16.0.33801.447
MinimumVisualStudioVersion = 10.0.40219.1
Project("{FAE04EC0-301F-11D3-BF4B-00C04F79EFBC}") = "Ejercicio3", "Ejercicio3\Ejercicio3.csproj", "{D724F96B-AB4C-45A4-B460-D76A776ADAFC}"
EndProject
Global
	GlobalSection(SolutionConfigurationPlatforms) = preSolution
		Debug|Any CPU = Debug|Any CPU
		Release|Any CPU = Release|Any CPU
	EndGlobalSection
	GlobalSection(ProjectConfigurationPlatforms) = postSolution
		{D724F96B-AB4C-45A4-B460-D76A776ADAFC}.Debug|Any CPU.ActiveCfg = Debug|Any CPU
		{D724F96B-AB4C-45A4-B460-D76A776ADAFC}.Debug|Any CPU.Build.0 = Debug|Any CPU
		{D724F96B-AB4C-45A4-B460-D76A776ADAFC}.Release|Any CPU.ActiveCfg = Release|Any CPU
		{D724F96B-AB4C-45A4-B460-D76A776ADAFC}.Release|Any CPU.Build.0 = Release|Any CPU
	EndGlobalSection
	GlobalSection(SolutionProperties) = preSolution
		HideSolutionNode = FALSE
	EndGlobalSection
	GlobalSection(ExtensibilityGlobals) = postSolution
		SolutionGuid = {8C2D121F-78E7-455F-B95C-6561F345E5B4}
	EndGlobalSection
EndGlobal
