
Microsoft Visual Studio Solution File, Format Version 12.00
# Visual Studio Version 17
VisualStudioVersion = 17.11.35312.102
MinimumVisualStudioVersion = 10.0.40219.1
Project("{FAE04EC0-301F-11D3-BF4B-00C04F79EFBC}") = "EjerciciosPractica", "EjerciciosPractica\EjerciciosPractica.csproj", "{1E0D2CB9-B271-41F6-A971-A137E69127CE}"
EndProject
Global
	GlobalSection(SolutionConfigurationPlatforms) = preSolution
		Debug|Any CPU = Debug|Any CPU
		Release|Any CPU = Release|Any CPU
	EndGlobalSection
	GlobalSection(ProjectConfigurationPlatforms) = postSolution
		{1E0D2CB9-B271-41F6-A971-A137E69127CE}.Debug|Any CPU.ActiveCfg = Debug|Any CPU
		{1E0D2CB9-B271-41F6-A971-A137E69127CE}.Debug|Any CPU.Build.0 = Debug|Any CPU
		{1E0D2CB9-B271-41F6-A971-A137E69127CE}.Release|Any CPU.ActiveCfg = Release|Any CPU
		{1E0D2CB9-B271-41F6-A971-A137E69127CE}.Release|Any CPU.Build.0 = Release|Any CPU
	EndGlobalSection
	GlobalSection(SolutionProperties) = preSolution
		HideSolutionNode = FALSE
	EndGlobalSection
	GlobalSection(ExtensibilityGlobals) = postSolution
		SolutionGuid = {14B24FD6-B8CD-425A-AED1-F8A82EC06BB1}
	EndGlobalSection
EndGlobal
