
Microsoft Visual Studio Solution File, Format Version 12.00
# Visual Studio Version 17
VisualStudioVersion = 17.11.35312.102
MinimumVisualStudioVersion = 10.0.40219.1
Project("{FAE04EC0-301F-11D3-BF4B-00C04F79EFBC}") = "Ejercicio1Consola", "Ejercicio1Consola\Ejercicio1Consola.csproj", "{7B1376BA-E42C-4616-A17D-63C539A53821}"
EndProject
Global
	GlobalSection(SolutionConfigurationPlatforms) = preSolution
		Debug|Any CPU = Debug|Any CPU
		Release|Any CPU = Release|Any CPU
	EndGlobalSection
	GlobalSection(ProjectConfigurationPlatforms) = postSolution
		{7B1376BA-E42C-4616-A17D-63C539A53821}.Debug|Any CPU.ActiveCfg = Debug|Any CPU
		{7B1376BA-E42C-4616-A17D-63C539A53821}.Debug|Any CPU.Build.0 = Debug|Any CPU
		{7B1376BA-E42C-4616-A17D-63C539A53821}.Release|Any CPU.ActiveCfg = Release|Any CPU
		{7B1376BA-E42C-4616-A17D-63C539A53821}.Release|Any CPU.Build.0 = Release|Any CPU
	EndGlobalSection
	GlobalSection(SolutionProperties) = preSolution
		HideSolutionNode = FALSE
	EndGlobalSection
	GlobalSection(ExtensibilityGlobals) = postSolution
		SolutionGuid = {EA2D8084-24F2-4765-B0C0-AA47C73DDAE8}
	EndGlobalSection
EndGlobal
